
Microsoft Visual Studio Solution File, Format Version 12.00
# Visual Studio Version 16
VisualStudioVersion = 16.0.30517.126
MinimumVisualStudioVersion = 10.0.40219.1
Project("{9A19103F-16F7-4668-BE54-9A1E7A4F7556}") = "Mafia", "Mafia\Mafia.csproj", "{FF604E7D-75EE-4354-BA17-3BD15A665C71}"
EndProject
Project("{9A19103F-16F7-4668-BE54-9A1E7A4F7556}") = "DataLayer", "DataLayer\DataLayer.csproj", "{3E27F435-5A52-4B26-B8D4-73498B95E8EF}"
EndProject
Project("{9A19103F-16F7-4668-BE54-9A1E7A4F7556}") = "BusinessLayer", "BusinessLayer\BusinessLayer.csproj", "{BD9A196F-5512-4132-91EA-F2664539D3E6}"
EndProject
Project("{FAE04EC0-301F-11D3-BF4B-00C04F79EFBC}") = "PresentationLayer", "PresentationLayer\PresentationLayer.csproj", "{AC4B1354-D77F-4A6F-BF7C-37257C274EDB}"
EndProject
Global
	GlobalSection(SolutionConfigurationPlatforms) = preSolution
		Debug|Any CPU = Debug|Any CPU
		Release|Any CPU = Release|Any CPU
	EndGlobalSection
	GlobalSection(ProjectConfigurationPlatforms) = postSolution
		{FF604E7D-75EE-4354-BA17-3BD15A665C71}.Debug|Any CPU.ActiveCfg = Debug|Any CPU
		{FF604E7D-75EE-4354-BA17-3BD15A665C71}.Debug|Any CPU.Build.0 = Debug|Any CPU
		{FF604E7D-75EE-4354-BA17-3BD15A665C71}.Release|Any CPU.ActiveCfg = Release|Any CPU
		{FF604E7D-75EE-4354-BA17-3BD15A665C71}.Release|Any CPU.Build.0 = Release|Any CPU
		{3E27F435-5A52-4B26-B8D4-73498B95E8EF}.Debug|Any CPU.ActiveCfg = Debug|Any CPU
		{3E27F435-5A52-4B26-B8D4-73498B95E8EF}.Debug|Any CPU.Build.0 = Debug|Any CPU
		{3E27F435-5A52-4B26-B8D4-73498B95E8EF}.Release|Any CPU.ActiveCfg = Release|Any CPU
		{3E27F435-5A52-4B26-B8D4-73498B95E8EF}.Release|Any CPU.Build.0 = Release|Any CPU
		{BD9A196F-5512-4132-91EA-F2664539D3E6}.Debug|Any CPU.ActiveCfg = Debug|Any CPU
		{BD9A196F-5512-4132-91EA-F2664539D3E6}.Debug|Any CPU.Build.0 = Debug|Any CPU
		{BD9A196F-5512-4132-91EA-F2664539D3E6}.Release|Any CPU.ActiveCfg = Release|Any CPU
		{BD9A196F-5512-4132-91EA-F2664539D3E6}.Release|Any CPU.Build.0 = Release|Any CPU
		{AC4B1354-D77F-4A6F-BF7C-37257C274EDB}.Debug|Any CPU.ActiveCfg = Debug|Any CPU
		{AC4B1354-D77F-4A6F-BF7C-37257C274EDB}.Debug|Any CPU.Build.0 = Debug|Any CPU
		{AC4B1354-D77F-4A6F-BF7C-37257C274EDB}.Release|Any CPU.ActiveCfg = Release|Any CPU
		{AC4B1354-D77F-4A6F-BF7C-37257C274EDB}.Release|Any CPU.Build.0 = Release|Any CPU
	EndGlobalSection
	GlobalSection(SolutionProperties) = preSolution
		HideSolutionNode = FALSE
	EndGlobalSection
	GlobalSection(ExtensibilityGlobals) = postSolution
		SolutionGuid = {06BEB4F5-553D-43AB-B965-61ED0AB4DCF6}
	EndGlobalSection
EndGlobal
